
Microsoft Visual Studio Solution File, Format Version 12.00
# Visual Studio 15
VisualStudioVersion = 15.0.28307.329
MinimumVisualStudioVersion = 10.0.40219.1
Project("{9A19103F-16F7-4668-BE54-9A1E7A4F7556}") = "Tida.Geometry", "Tida.Geometry\Tida.Geometry.csproj", "{FF7A402F-7E48-417D-9303-E786CCC7023C}"
EndProject
Global
	GlobalSection(SolutionConfigurationPlatforms) = preSolution
		Debug|Any CPU = Debug|Any CPU
		Release|Any CPU = Release|Any CPU
	EndGlobalSection
	GlobalSection(ProjectConfigurationPlatforms) = postSolution
		{FF7A402F-7E48-417D-9303-E786CCC7023C}.Debug|Any CPU.ActiveCfg = Debug|Any CPU
		{FF7A402F-7E48-417D-9303-E786CCC7023C}.Debug|Any CPU.Build.0 = Debug|Any CPU
		{FF7A402F-7E48-417D-9303-E786CCC7023C}.Release|Any CPU.ActiveCfg = Release|Any CPU
		{FF7A402F-7E48-417D-9303-E786CCC7023C}.Release|Any CPU.Build.0 = Release|Any CPU
	EndGlobalSection
	GlobalSection(SolutionProperties) = preSolution
		HideSolutionNode = FALSE
	EndGlobalSection
	GlobalSection(ExtensibilityGlobals) = postSolution
		SolutionGuid = {207C1C12-51EA-46B4-B6F7-EB6C3F1D9E70}
	EndGlobalSection
EndGlobal
